{
    "_meta": {
        "hash": {
            "sha256": "d94b1c4d86fcd7617ae4c153bcb32812461a28b65957c9e8a6f0e21e5ea52e31"
        },
        "pipfile-spec": 6,
        "requires": {
            "python_version": "3.8"
        },
        "sources": [
            {
                "name": "pypi",
                "url": "https://pypi.org/simple",
                "verify_ssl": true
            }
        ]
    },
    "default": {
        "certifi": {
            "hashes": [
                "sha256:2bbf76fd432960138b3ef6dda3dde0544f27cbf8546c458e60baf371917ba9ee",
                "sha256:50b1e4f8446b06f41be7dd6338db18e0990601dce795c2b1686458aa7e8fa7d8"
            ],
            "version": "==2021.5.30"
        },
        "chardet": {
            "hashes": [
                "sha256:0d6f53a15db4120f2b08c94f11e7d93d2c911ee118b6b30a04ec3ee8310179fa",
                "sha256:f864054d66fd9118f2e67044ac8981a54775ec5b67aed0441892edb553d21da5"
            ],
            "index": "pypi",
            "version": "==4.0.0"
        },
        "charset-normalizer": {
            "hashes": [
                "sha256:88fce3fa5b1a84fdcb3f603d889f723d1dd89b26059d0123ca435570e848d5e1",
                "sha256:c46c3ace2d744cfbdebceaa3c19ae691f53ae621b39fd7570f59d14fb7f2fd12"
            ],
            "markers": "python_version >= '3'",
            "version": "==2.0.3"
        },
        "croniter": {
            "hashes": [
                "sha256:0f97b361fe343301a8f66f852e7d84e4fb7f21379948f71e1bbfe10f5d015fbd",
                "sha256:a70dfc9d52de9fc1a886128b9148c89dd9e76b67d55f46516ca94d2d73d58219"
            ],
            "index": "pypi",
            "version": "==1.0.15"
        },
        "grunt": {
            "hashes": [
                "sha256:470b52c2e5640307121b7a54e284e9aeb9d77b9262b838289215f9c3b4f68009"
            ],
            "index": "pypi",
            "version": "==0.1.1"
        },
        "idna": {
            "hashes": [
                "sha256:14475042e284991034cb48e06f6851428fb14c4dc953acd9be9a5e95c7b6dd7a",
                "sha256:467fbad99067910785144ce333826c71fb0e63a425657295239737f7ecd125f3"
            ],
            "markers": "python_version >= '3'",
            "version": "==3.2"
        },
        "jinja2": {
            "hashes": [
                "sha256:1f06f2da51e7b56b8f238affdd6b4e2c61e39598a378cc49345bc1bd42a978a4",
                "sha256:703f484b47a6af502e743c9122595cc812b0271f661722403114f71a79d0f5a4"
            ],
            "index": "pypi",
            "version": "==3.0.1"
        },
        "markupsafe": {
            "hashes": [
                "sha256:01a9b8ea66f1658938f65b93a85ebe8bc016e6769611be228d797c9d998dd298",
                "sha256:023cb26ec21ece8dc3907c0e8320058b2e0cb3c55cf9564da612bc325bed5e64",
                "sha256:0446679737af14f45767963a1a9ef7620189912317d095f2d9ffa183a4d25d2b",
                "sha256:0717a7390a68be14b8c793ba258e075c6f4ca819f15edfc2a3a027c823718567",
                "sha256:0955295dd5eec6cb6cc2fe1698f4c6d84af2e92de33fbcac4111913cd100a6ff",
                "sha256:10f82115e21dc0dfec9ab5c0223652f7197feb168c940f3ef61563fc2d6beb74",
                "sha256:1d609f577dc6e1aa17d746f8bd3c31aa4d258f4070d61b2aa5c4166c1539de35",
                "sha256:2ef54abee730b502252bcdf31b10dacb0a416229b72c18b19e24a4509f273d26",
                "sha256:3c112550557578c26af18a1ccc9e090bfe03832ae994343cfdacd287db6a6ae7",
                "sha256:47ab1e7b91c098ab893b828deafa1203de86d0bc6ab587b160f78fe6c4011f75",
                "sha256:49e3ceeabbfb9d66c3aef5af3a60cc43b85c33df25ce03d0031a608b0a8b2e3f",
                "sha256:4efca8f86c54b22348a5467704e3fec767b2db12fc39c6d963168ab1d3fc9135",
                "sha256:53edb4da6925ad13c07b6d26c2a852bd81e364f95301c66e930ab2aef5b5ddd8",
                "sha256:594c67807fb16238b30c44bdf74f36c02cdf22d1c8cda91ef8a0ed8dabf5620a",
                "sha256:611d1ad9a4288cf3e3c16014564df047fe08410e628f89805e475368bd304914",
                "sha256:6557b31b5e2c9ddf0de32a691f2312a32f77cd7681d8af66c2692efdbef84c18",
                "sha256:693ce3f9e70a6cf7d2fb9e6c9d8b204b6b39897a2c4a1aa65728d5ac97dcc1d8",
                "sha256:6a7fae0dd14cf60ad5ff42baa2e95727c3d81ded453457771d02b7d2b3f9c0c2",
                "sha256:6c4ca60fa24e85fe25b912b01e62cb969d69a23a5d5867682dd3e80b5b02581d",
                "sha256:7d91275b0245b1da4d4cfa07e0faedd5b0812efc15b702576d103293e252af1b",
                "sha256:905fec760bd2fa1388bb5b489ee8ee5f7291d692638ea5f67982d968366bef9f",
                "sha256:97383d78eb34da7e1fa37dd273c20ad4320929af65d156e35a5e2d89566d9dfb",
                "sha256:984d76483eb32f1bcb536dc27e4ad56bba4baa70be32fa87152832cdd9db0833",
                "sha256:a30e67a65b53ea0a5e62fe23682cfe22712e01f453b95233b25502f7c61cb415",
                "sha256:ab3ef638ace319fa26553db0624c4699e31a28bb2a835c5faca8f8acf6a5a902",
                "sha256:b2f4bf27480f5e5e8ce285a8c8fd176c0b03e93dcc6646477d4630e83440c6a9",
                "sha256:b7f2d075102dc8c794cbde1947378051c4e5180d52d276987b8d28a3bd58c17d",
                "sha256:be98f628055368795d818ebf93da628541e10b75b41c559fdf36d104c5787066",
                "sha256:d7f9850398e85aba693bb640262d3611788b1f29a79f0c93c565694658f4071f",
                "sha256:f5653a225f31e113b152e56f154ccbe59eeb1c7487b39b9d9f9cdb58e6c79dc5",
                "sha256:f826e31d18b516f653fe296d967d700fddad5901ae07c622bb3705955e1faa94",
                "sha256:f8ba0e8349a38d3001fae7eadded3f6606f0da5d748ee53cc1dab1d6527b9509",
                "sha256:f9081981fe268bd86831e5c75f7de206ef275defcb82bc70740ae6dc507aee51",
                "sha256:fa130dd50c57d53368c9d59395cb5526eda596d3ffe36666cd81a44d56e48872"
            ],
            "markers": "python_version >= '3.6'",
            "version": "==2.0.1"
        },
        "msgpack-python": {
            "hashes": [
                "sha256:378cc8a6d3545b532dfd149da715abae4fda2a3adb6d74e525d0d5e51f46909b"
            ],
            "version": "==0.5.6"
        },
        "mysql-connector-python": {
            "hashes": [
                "sha256:136630a0a7c52e84851fb8f622dee03b1b7e797b7f5639f3f4965825cdcd6567",
                "sha256:1d2be3287689aff582ec58e4b4f053a2fd097a73f3330138330408595824e5e1",
                "sha256:3da7a33da3ee28f0175dcac8084900e0e97ab28e2711129711d651acd8eb4241",
                "sha256:3f85fa406b74517daad49c584f068478941963d5cccc4a7a140d577b17f393fb",
                "sha256:4de9aab6fddc67ac105e576bf0b5a507795a13ce3bba6959f5c401885119c080",
                "sha256:547b16542fa7eae657c48bae0b126a5757cda5d1e8356139f4514f1cc6efbde3",
                "sha256:62e939c88a1be022b25023e5a4ba21472bfe563d2c3487c3286605d6ecc45214",
                "sha256:69c4071f3b397e862b7f4c8d7ad0c88417687fbaf308167f9f3e63bcf0f24f25",
                "sha256:7e053c818dff6dc42c1f40861918a377b2b60aa3987fed7e40587d2467881844",
                "sha256:84008628cfe6aca25eb2d7cef1c255b017dc32ad8b4a78e29089c0f2cd627820",
                "sha256:a139ecea8fa49df0aa9df71d4bf9c30ae250034b8f1580c7f9ba96d531920a1f",
                "sha256:b8659919b4d6973764de7bdcb8d2d9563fb5d7d5ed6386bc6fce494421455145",
                "sha256:c10e4f47f1ab04a17f6ab50e39dbf99c81c6213b89533b901ccca57c3e78ade6",
                "sha256:d822d0bfe171a7d4aec735f37e8a10dec13338f93ec3f879c90ef4c687c7c699",
                "sha256:eaaa4a41e8508bc0eee5c39f5bb4454cc6d091a332535e988d09746ab4428f3e",
                "sha256:f5fde784da884fe4f6f4734c0c356b6bf8f1a55fe770bc3ee0ded3d111f6123a",
                "sha256:fdbb4d0ecd326952eff557d6e597a1350a4f40c206f669dd2f8f487518ef7d0f"
            ],
            "index": "pypi",
            "version": "==8.0.26"
        },
        "pbkdf2": {
            "hashes": [
                "sha256:ac6397369f128212c43064a2b4878038dab78dab41875364554aaf2a684e6979"
            ],
            "index": "pypi",
            "version": "==1.3"
        },
        "protobuf": {
            "hashes": [
                "sha256:13ee7be3c2d9a5d2b42a1030976f760f28755fcf5863c55b1460fd205e6cd637",
                "sha256:145ce0af55c4259ca74993ddab3479c78af064002ec8227beb3d944405123c71",
                "sha256:14c1c9377a7ffbeaccd4722ab0aa900091f52b516ad89c4b0c3bb0a4af903ba5",
                "sha256:1556a1049ccec58c7855a78d27e5c6e70e95103b32de9142bae0576e9200a1b0",
                "sha256:26010f693b675ff5a1d0e1bdb17689b8b716a18709113288fead438703d45539",
                "sha256:2ae692bb6d1992afb6b74348e7bb648a75bb0d3565a3f5eea5bec8f62bd06d87",
                "sha256:2bfb815216a9cd9faec52b16fd2bfa68437a44b67c56bee59bc3926522ecb04e",
                "sha256:4ffbd23640bb7403574f7aff8368e2aeb2ec9a5c6306580be48ac59a6bac8bde",
                "sha256:59e5cf6b737c3a376932fbfb869043415f7c16a0cf176ab30a5bbc419cd709c1",
                "sha256:6902a1e4b7a319ec611a7345ff81b6b004b36b0d2196ce7a748b3493da3d226d",
                "sha256:6ce4d8bf0321e7b2d4395e253f8002a1a5ffbcfd7bcc0a6ba46712c07d47d0b4",
                "sha256:6d847c59963c03fd7a0cd7c488cadfa10cda4fff34d8bc8cba92935a91b7a037",
                "sha256:72804ea5eaa9c22a090d2803813e280fb273b62d5ae497aaf3553d141c4fdd7b",
                "sha256:7a4c97961e9e5b03a56f9a6c82742ed55375c4a25f2692b625d4087d02ed31b9",
                "sha256:85d6303e4adade2827e43c2b54114d9a6ea547b671cb63fafd5011dc47d0e13d",
                "sha256:8727ee027157516e2c311f218ebf2260a18088ffb2d29473e82add217d196b1c",
                "sha256:99938f2a2d7ca6563c0ade0c5ca8982264c484fdecf418bd68e880a7ab5730b1",
                "sha256:9b7a5c1022e0fa0dbde7fd03682d07d14624ad870ae52054849d8960f04bc764",
                "sha256:a22b3a0dbac6544dacbafd4c5f6a29e389a50e3b193e2c70dae6bbf7930f651d",
                "sha256:a38bac25f51c93e4be4092c88b2568b9f407c27217d3dd23c7a57fa522a17554",
                "sha256:a981222367fb4210a10a929ad5983ae93bd5a050a0824fc35d6371c07b78caf6",
                "sha256:ab6bb0e270c6c58e7ff4345b3a803cc59dbee19ddf77a4719c5b635f1d547aa8",
                "sha256:c56c050a947186ba51de4f94ab441d7f04fcd44c56df6e922369cc2e1a92d683",
                "sha256:e76d9686e088fece2450dbc7ee905f9be904e427341d289acbe9ad00b78ebd47",
                "sha256:ebcb546f10069b56dc2e3da35e003a02076aaa377caf8530fe9789570984a8d2",
                "sha256:f0e59430ee953184a703a324b8ec52f571c6c4259d496a19d1cabcdc19dabc62",
                "sha256:ffea251f5cd3c0b9b43c7a7a912777e0bc86263436a87c2555242a348817221b"
            ],
            "version": "==3.17.3"
        },
        "pycryptodome": {
            "hashes": [
                "sha256:09c1555a3fa450e7eaca41ea11cd00afe7c91fef52353488e65663777d8524e0",
                "sha256:12222a5edc9ca4a29de15fbd5339099c4c26c56e13c2ceddf0b920794f26165d",
                "sha256:1723ebee5561628ce96748501cdaa7afaa67329d753933296321f0be55358dce",
                "sha256:1c5e1ca507de2ad93474be5cfe2bfa76b7cf039a1a32fc196f40935944871a06",
                "sha256:2603c98ae04aac675fefcf71a6c87dc4bb74a75e9071ae3923bbc91a59f08d35",
                "sha256:2dea65df54349cdfa43d6b2e8edb83f5f8d6861e5cf7b1fbc3e34c5694c85e27",
                "sha256:31c1df17b3dc5f39600a4057d7db53ac372f492c955b9b75dd439f5d8b460129",
                "sha256:38661348ecb71476037f1e1f553159b80d256c00f6c0b00502acac891f7116d9",
                "sha256:3e2e3a06580c5f190df843cdb90ea28d61099cf4924334d5297a995de68e4673",
                "sha256:3f840c49d38986f6e17dbc0673d37947c88bc9d2d9dba1c01b979b36f8447db1",
                "sha256:501ab36aae360e31d0ec370cf5ce8ace6cb4112060d099b993bc02b36ac83fb6",
                "sha256:60386d1d4cfaad299803b45a5bc2089696eaf6cdd56f9fc17479a6f89595cfc8",
                "sha256:6260e24d41149268122dd39d4ebd5941e9d107f49463f7e071fd397e29923b0c",
                "sha256:6bbf7fee7b7948b29d7e71fcacf48bac0c57fb41332007061a933f2d996f9713",
                "sha256:6d2df5223b12437e644ce0a3be7809471ffa71de44ccd28b02180401982594a6",
                "sha256:758949ca62690b1540dfb24ad773c6da9cd0e425189e83e39c038bbd52b8e438",
                "sha256:77997519d8eb8a4adcd9a47b9cec18f9b323e296986528186c0e9a7a15d6a07e",
                "sha256:7fd519b89585abf57bf47d90166903ec7b43af4fe23c92273ea09e6336af5c07",
                "sha256:98213ac2b18dc1969a47bc65a79a8fca02a414249d0c8635abb081c7f38c91b6",
                "sha256:99b2f3fc51d308286071d0953f92055504a6ffe829a832a9fc7a04318a7683dd",
                "sha256:9b6f711b25e01931f1c61ce0115245a23cdc8b80bf8539ac0363bdcf27d649b6",
                "sha256:a3105a0eb63eacf98c2ecb0eb4aa03f77f40fbac2bdde22020bb8a536b226bb8",
                "sha256:a8eb8b6ea09ec1c2535bf39914377bc8abcab2c7d30fa9225eb4fe412024e427",
                "sha256:a92d5c414e8ee1249e850789052608f582416e82422502dc0ac8c577808a9067",
                "sha256:d3d6958d53ad307df5e8469cc44474a75393a434addf20ecd451f38a72fe29b8",
                "sha256:e0a4d5933a88a2c98bbe19c0c722f5483dc628d7a38338ac2cb64a7dbd34064b",
                "sha256:e3bf558c6aeb49afa9f0c06cee7fb5947ee5a1ff3bd794b653d39926b49077fa",
                "sha256:e61e363d9a5d7916f3a4ce984a929514c0df3daf3b1b2eb5e6edbb131ee771cf",
                "sha256:f977cdf725b20f6b8229b0c87acb98c7717e742ef9f46b113985303ae12a99da",
                "sha256:fc7489a50323a0df02378bc2fff86eb69d94cc5639914346c736be981c6a02e7"
            ],
            "index": "pypi",
            "version": "==3.10.1"
        },
        "pycurl": {
            "hashes": [
                "sha256:1957c867e2a341f5526c107c7bbc5014d6e75fdc2a14294fcb8a47663fbd2e15",
                "sha256:404862665c4e2dbe814c9495d1193a65ae0f291a7074ae1ef1f0bffd93c14ea6",
                "sha256:50aee0469511a9708a1f1a50d510b5ec2013fc6f5e720c32bbcb3b9c7b0f45b1",
                "sha256:667db26516e50ce4a853745906f3b149c24756d85061b9d966eb7ec43a8c48a4",
                "sha256:789a76e9265cdb7c947ec0afde2330492ccc0f2cee8e3ca8c0822082b6ae213e",
                "sha256:7cc13d3421cbd31921d77e22d1f57c0e1a8d0fb461938a587689a93162ccef2f",
                "sha256:a0c62dbc66b9b947832307d6cf7bdb5e4da906ce7b3efe6f74292e8f3dc5abe3",
                "sha256:a6966e8d9ccda31c6d077c4f8673aaa88141cc73d50e110e93e627b816d17fd1",
                "sha256:b393aa90abf07ddd51d750c0c6a801155af07f938af6ec8b89ea00ff3f892887",
                "sha256:b58e4d7888edd74dce40b9481962f0537dc77a44d99b5cc3385c3ffdaf2abf93",
                "sha256:b6512b864466b242ffc3997e982d4590e035d056d37e63136fa137a4044ce2f1",
                "sha256:b651f47c61c051ea93299b0e7a341860d33bfe2cf524237be0fb56399f026d98",
                "sha256:beadfa7f052626864d70eb33cec8f2aeece12dfb483c2424cc07b057f83b7d35",
                "sha256:c5c379c8cc777dda397f86f0d0049480250ae84a82a9d99d668f461d368fb39c",
                "sha256:daa017e8dc887129e4a2cd88b7be8c431e434b89737348eaa12096026020756a",
                "sha256:e1aea68b1d39dbcafc7298214f51f6ebd5f188c06aa418e9c046dfe419fe7ecf",
                "sha256:ec7dd291545842295b7b56c12c90ffad2976cc7070c98d7b1517b7b6cd5994b3"
            ],
            "index": "pypi",
            "version": "==7.43.0.5"
        },
        "python-dateutil": {
            "hashes": [
                "sha256:0123cacc1627ae19ddf3c27a5de5bd67ee4586fbdd6440d9748f8abb483d3e86",
                "sha256:961d03dc3453ebbc59dbdea9e4e11c5651520a876d0f4db161e8674aae935da9"
            ],
            "markers": "python_version >= '2.7' and python_version not in '3.0, 3.1, 3.2, 3.3'",
            "version": "==2.8.2"
        },
        "pytz": {
            "hashes": [
                "sha256:83a4a90894bf38e243cf052c8b58f381bfe9a7a483f6a9cab140bc7f702ac4da",
                "sha256:eb10ce3e7736052ed3623d49975ce333bcd712c7bb19a58b9e2089d4057d0798"
            ],
            "index": "pypi",
            "version": "==2021.1"
        },
        "redis": {
            "hashes": [
                "sha256:0e7e0cfca8660dea8b7d5cd8c4f6c5e29e11f31158c0b0ae91a397f00e5a05a2",
                "sha256:432b788c4530cfe16d8d943a09d40ca6c16149727e4afe8c2c9d5580c59d9f24"
            ],
            "index": "pypi",
            "version": "==3.5.3"
        },
        "requests": {
            "hashes": [
                "sha256:6c1246513ecd5ecd4528a0906f910e8f0f9c6b8ec72030dc9fd154dc1a6efd24",
                "sha256:b8aa58f8cf793ffd8782d3d8cb19e66ef36f7aba4353eec859e74678b01b07a7"
            ],
            "index": "pypi",
            "version": "==2.26.0"
        },
        "six": {
            "hashes": [
                "sha256:1e61c37477a1626458e36f7b1d82aa5c9b094fa4802892072e49de9c60c4c926",
                "sha256:8abb2f1d86890a2dfb989f9a77cfcfd3e47c2a354b01111771326f8aa26e0254"
            ],
            "markers": "python_version >= '2.7' and python_version not in '3.0, 3.1, 3.2, 3.3'",
            "version": "==1.16.0"
        },
        "tornado": {
            "hashes": [
                "sha256:0a00ff4561e2929a2c37ce706cb8233b7907e0cdc22eab98888aca5dd3775feb",
                "sha256:0d321a39c36e5f2c4ff12b4ed58d41390460f798422c4504e09eb5678e09998c",
                "sha256:1e8225a1070cd8eec59a996c43229fe8f95689cb16e552d130b9793cb570a288",
                "sha256:20241b3cb4f425e971cb0a8e4ffc9b0a861530ae3c52f2b0434e6c1b57e9fd95",
                "sha256:25ad220258349a12ae87ede08a7b04aca51237721f63b1808d39bdb4b2164558",
                "sha256:33892118b165401f291070100d6d09359ca74addda679b60390b09f8ef325ffe",
                "sha256:33c6e81d7bd55b468d2e793517c909b139960b6c790a60b7991b9b6b76fb9791",
                "sha256:3447475585bae2e77ecb832fc0300c3695516a47d46cefa0528181a34c5b9d3d",
                "sha256:34ca2dac9e4d7afb0bed4677512e36a52f09caa6fded70b4e3e1c89dbd92c326",
                "sha256:3e63498f680547ed24d2c71e6497f24bca791aca2fe116dbc2bd0ac7f191691b",
                "sha256:548430be2740e327b3fe0201abe471f314741efcb0067ec4f2d7dcfb4825f3e4",
                "sha256:6196a5c39286cc37c024cd78834fb9345e464525d8991c21e908cc046d1cc02c",
                "sha256:61b32d06ae8a036a6607805e6720ef00a3c98207038444ba7fd3d169cd998910",
                "sha256:6286efab1ed6e74b7028327365cf7346b1d777d63ab30e21a0f4d5b275fc17d5",
                "sha256:65d98939f1a2e74b58839f8c4dab3b6b3c1ce84972ae712be02845e65391ac7c",
                "sha256:66324e4e1beede9ac79e60f88de548da58b1f8ab4b2f1354d8375774f997e6c0",
                "sha256:6c77c9937962577a6a76917845d06af6ab9197702a42e1346d8ae2e76b5e3675",
                "sha256:70dec29e8ac485dbf57481baee40781c63e381bebea080991893cd297742b8fd",
                "sha256:7250a3fa399f08ec9cb3f7b1b987955d17e044f1ade821b32e5f435130250d7f",
                "sha256:748290bf9112b581c525e6e6d3820621ff020ed95af6f17fedef416b27ed564c",
                "sha256:7da13da6f985aab7f6f28debab00c67ff9cbacd588e8477034c0652ac141feea",
                "sha256:8f959b26f2634a091bb42241c3ed8d3cedb506e7c27b8dd5c7b9f745318ddbb6",
                "sha256:9de9e5188a782be6b1ce866e8a51bc76a0fbaa0e16613823fc38e4fc2556ad05",
                "sha256:a48900ecea1cbb71b8c71c620dee15b62f85f7c14189bdeee54966fbd9a0c5bd",
                "sha256:b87936fd2c317b6ee08a5741ea06b9d11a6074ef4cc42e031bc6403f82a32575",
                "sha256:c77da1263aa361938476f04c4b6c8916001b90b2c2fdd92d8d535e1af48fba5a",
                "sha256:cb5ec8eead331e3bb4ce8066cf06d2dfef1bfb1b2a73082dfe8a161301b76e37",
                "sha256:cc0ee35043162abbf717b7df924597ade8e5395e7b66d18270116f8745ceb795",
                "sha256:d14d30e7f46a0476efb0deb5b61343b1526f73ebb5ed84f23dc794bdb88f9d9f",
                "sha256:d371e811d6b156d82aa5f9a4e08b58debf97c302a35714f6f45e35139c332e32",
                "sha256:d3d20ea5782ba63ed13bc2b8c291a053c8d807a8fa927d941bd718468f7b950c",
                "sha256:d3f7594930c423fd9f5d1a76bee85a2c36fd8b4b16921cae7e965f22575e9c01",
                "sha256:dcef026f608f678c118779cd6591c8af6e9b4155c44e0d1bc0c87c036fb8c8c4",
                "sha256:e0791ac58d91ac58f694d8d2957884df8e4e2f6687cdf367ef7eb7497f79eaa2",
                "sha256:e385b637ac3acaae8022e7e47dfa7b83d3620e432e3ecb9a3f7f58f150e50921",
                "sha256:e519d64089b0876c7b467274468709dadf11e41d65f63bba207e04217f47c085",
                "sha256:e7229e60ac41a1202444497ddde70a48d33909e484f96eb0da9baf8dc68541df",
                "sha256:ed3ad863b1b40cd1d4bd21e7498329ccaece75db5a5bf58cd3c9f130843e7102",
                "sha256:f0ba29bafd8e7e22920567ce0d232c26d4d47c8b5cf4ed7b562b5db39fa199c5",
                "sha256:fa2ba70284fa42c2a5ecb35e322e68823288a4251f9ba9cc77be04ae15eada68",
                "sha256:fba85b6cd9c39be262fcd23865652920832b61583de2a2ca907dbd8e8a8c81e5"
            ],
            "index": "pypi",
            "version": "==6.1"
        },
        "u-msgpack-python": {
            "hashes": [
                "sha256:0eb339ae27ec3085945244d17b74fd1ed875e866974d63caaa85d90fca9060a7",
                "sha256:b7e7d433cab77171a4c752875d91836f3040306bab5063fb6dbe11f64ea69551"
            ],
            "index": "pypi",
            "version": "==2.7.1"
        },
        "umsgpack": {
            "hashes": [
                "sha256:6e8fd8759136e48e04304523d3d4e218289ceba23c4e325986db6ca5c4d3783a",
                "sha256:9a3c1b599379439327d9a8d0a5f940ef56048d522b3f089163c79269484cc932",
                "sha256:eecb384300051ad3edc9b914070e0593374196bb17eb260b3eb4f58a362f406e"
            ],
            "index": "pypi",
            "version": "==0.1.0"
        },
        "urllib3": {
            "hashes": [
                "sha256:39fb8672126159acb139a7718dd10806104dec1e2f0f6c88aab05d17df10c8d4",
                "sha256:f57b4c16c62fa2760b7e3d97c35b255512fb6b59a259730f36ba32ce9f8e342f"
            ],
            "markers": "python_version >= '2.7' and python_version not in '3.0, 3.1, 3.2, 3.3, 3.4' and python_version < '4'",
            "version": "==1.26.6"
        }
    },
    "develop": {}
}
