# generated by rye
# use `rye lock` or `rye sync` to update this lockfile
#
# last locked with the following flags:
#   pre: false
#   features: []
#   all-features: false
#   with-sources: false
#   generate-hashes: false

-e file:.
aiofiles==23.2.1
    # via qd-core
aiohttp==3.9.5
    # via qd-core
aiosignal==1.3.1
    # via aiohttp
annotated-types==0.7.0
    # via pydantic
anyio==4.4.0
    # via httpx
    # via starlette
    # via watchfiles
async-timeout==4.0.3
    # via aiohttp
attrs==23.2.0
    # via aiohttp
build==1.2.1
    # via qd-core
certifi==2024.6.2
    # via httpcore
    # via httpx
    # via requests
charset-normalizer==3.3.2
    # via qd-core
    # via requests
click==8.1.7
    # via typer
    # via uvicorn
colorama==0.4.6
    # via build
    # via click
    # via uvicorn
croniter==2.0.5
    # via qd-core
dnspython==2.6.1
    # via email-validator
email-validator==2.1.1
    # via fastapi
exceptiongroup==1.2.1
    # via anyio
faker==25.8.0
    # via qd-core
fastapi==0.111.0
    # via qd-core
fastapi-cli==0.0.4
    # via fastapi
frozenlist==1.4.1
    # via aiohttp
    # via aiosignal
h11==0.14.0
    # via httpcore
    # via uvicorn
httpcore==1.0.5
    # via httpx
httptools==0.6.1
    # via uvicorn
httpx==0.27.0
    # via fastapi
idna==3.7
    # via anyio
    # via email-validator
    # via httpx
    # via requests
    # via yarl
jinja2==3.1.4
    # via fastapi
    # via qd-core
markdown-it-py==3.0.0
    # via rich
markupsafe==2.1.5
    # via jinja2
mdurl==0.1.2
    # via markdown-it-py
multidict==6.0.5
    # via aiohttp
    # via yarl
orjson==3.10.5
    # via fastapi
packaging==24.1
    # via build
passlib==1.7.4
    # via qd-core
pbkdf2==1.3
    # via qd-core
pip==24.0
    # via qd-core
plux==1.10.0
    # via qd-core
pycryptodome==3.20.0
    # via qd-core
pycurl==7.45.3
    # via qd-core
pydantic==2.7.4
    # via fastapi
    # via pydantic-settings
    # via qd-core
pydantic-core==2.18.4
    # via pydantic
pydantic-settings==2.3.3
    # via qd-core
pygments==2.18.0
    # via rich
pyproject-hooks==1.1.0
    # via build
pysocks==1.7.1
    # via qd-core
python-dateutil==2.9.0.post0
    # via croniter
    # via faker
python-dotenv==1.0.1
    # via pydantic-settings
    # via uvicorn
python-multipart==0.0.9
    # via fastapi
pytz==2024.1
    # via croniter
pyyaml==6.0.1
    # via qd-core
    # via uvicorn
requests==2.32.3
    # via qd-core
rich==13.7.1
    # via typer
shellingham==1.5.4
    # via typer
six==1.16.0
    # via python-dateutil
sniffio==1.3.1
    # via anyio
    # via httpx
starlette==0.37.2
    # via fastapi
    # via qd-core
toml==0.10.2
    # via qd-core
tomli==2.0.1
    # via build
tornado==6.4.1
    # via qd-core
typer==0.12.3
    # via fastapi-cli
typing-extensions==4.12.2
    # via anyio
    # via fastapi
    # via pydantic
    # via pydantic-core
    # via typer
    # via uvicorn
tzdata==2024.1
    # via qd-core
u-msgpack-python==2.8.0
    # via qd-core
ujson==5.10.0
    # via fastapi
urllib3==2.2.1
    # via requests
uvicorn==0.30.1
    # via fastapi
watchfiles==0.22.0
    # via uvicorn
websockets==12.0
    # via uvicorn
yarl==1.9.4
    # via aiohttp
