# generated by rye
# use `rye lock` or `rye sync` to update this lockfile
#
# last locked with the following flags:
#   pre: false
#   features: []
#   all-features: false
#   with-sources: false
#   generate-hashes: false

-e file:.
aiofiles==24.1.0
    # via qd-core
aiohappyeyeballs==2.3.7
    # via aiohttp
aiohttp==3.10.4
    # via qd-core
aiosignal==1.3.1
    # via aiohttp
annotated-types==0.7.0
    # via pydantic
anyio==4.4.0
    # via starlette
astroid==3.2.4
    # via pylint
async-timeout==4.0.3
    # via aiohttp
attrs==24.2.0
    # via aiohttp
build==1.2.1
    # via qd-core
certifi==2024.7.4
    # via requests
charset-normalizer==3.3.2
    # via qd-core
    # via requests
colorama==0.4.6
    # via build
    # via pylint
    # via pytest
croniter==3.0.3
    # via qd-core
dill==0.3.8
    # via pylint
exceptiongroup==1.2.2
    # via anyio
    # via pytest
faker==27.0.0
    # via qd-core
fastapi-slim==0.112.1
    # via qd-core
frozenlist==1.4.1
    # via aiohttp
    # via aiosignal
idna==3.7
    # via anyio
    # via requests
    # via yarl
iniconfig==2.0.0
    # via pytest
isort==5.13.2
    # via pylint
jinja2==3.1.4
    # via qd-core
markupsafe==2.1.5
    # via jinja2
mccabe==0.7.0
    # via pylint
multidict==6.0.5
    # via aiohttp
    # via yarl
mypy==1.11.1
mypy-extensions==1.0.0
    # via mypy
packaging==24.1
    # via build
    # via pytest
passlib==1.7.4
    # via qd-core
pbkdf2==1.3
    # via qd-core
pip==24.2
    # via qd-core
platformdirs==4.2.2
    # via pylint
pluggy==1.5.0
    # via pytest
plux==1.11.1
    # via qd-core
pycryptodome==3.20.0
    # via qd-core
pycurl==7.45.3
    # via qd-core
pydantic==2.8.2
    # via fastapi-slim
    # via pydantic-settings
    # via pylint-pydantic
    # via qd-core
pydantic-core==2.20.1
    # via pydantic
pydantic-settings==2.4.0
    # via qd-core
pylint==3.2.6
    # via pylint-plugin-utils
    # via pylint-pydantic
pylint-plugin-utils==0.8.2
    # via pylint-pydantic
pylint-pydantic==0.3.2
pyproject-hooks==1.1.0
    # via build
pysocks==1.7.1
    # via qd-core
pytest==8.3.2
python-dateutil==2.9.0.post0
    # via croniter
    # via faker
python-dotenv==1.0.1
    # via pydantic-settings
pytz==2024.1
    # via croniter
pyyaml==6.0.2
    # via qd-core
requests==2.32.3
    # via qd-core
ruff==0.6.1
setuptools==72.2.0
six==1.16.0
    # via python-dateutil
sniffio==1.3.1
    # via anyio
sqlalchemy2-stubs==0.0.2a38
starlette==0.38.2
    # via fastapi-slim
    # via qd-core
toml==0.10.2
    # via qd-core
tomli==2.0.1
    # via build
    # via mypy
    # via pylint
    # via pytest
tomlkit==0.13.2
    # via pylint
tornado==6.4.1
    # via qd-core
types-aiofiles==24.1.0.20240626
types-croniter==3.0.3.20240731
types-passlib==1.7.7.20240327
types-python-dateutil==2.9.0.20240316
types-pyyaml==6.0.12.20240808
types-requests==2.32.0.20240712
types-setuptools==71.1.0.20240818
types-toml==0.10.8.20240310
typing-extensions==4.12.2
    # via anyio
    # via astroid
    # via fastapi-slim
    # via mypy
    # via pydantic
    # via pydantic-core
    # via sqlalchemy2-stubs
tzdata==2024.1
    # via qd-core
u-msgpack-python==2.8.0
    # via qd-core
urllib3==2.2.2
    # via requests
    # via types-requests
wheel==0.44.0
yarl==1.9.4
    # via aiohttp
